Microsoft Visual Studio Solution File, Format Version 12.00
# Visual Studio Version 17
VisualStudioVersion = 17.13.36105.23
MinimumVisualStudioVersion = 10.0.40219.1
Project("{FAE04EC0-301F-11D3-BF4B-00C04F79EFBC}") = "FirstProject", "FirstProject\FirstProject.csproj", "{BC2EF4CB-781B-4523-BB6B-F4648B49B084}"
EndProject
Project("{FAE04EC0-301F-11D3-BF4B-00C04F79EFBC}") = "SecondProject", "SecondProject\SecondProject.csproj", "{9FFA5FD8-922F-4ACF-A785-A1AD94CBD445}"
EndProject
Project("{FAE04EC0-301F-11D3-BF4B-00C04F79EFBC}") = "FirstDegree", "FirstDegree\FirstDegree.csproj", "{560008FD-E0D5-463D-BE3B-3579C677A2A0}"
EndProject
Project("{FAE04EC0-301F-11D3-BF4B-00C04F79EFBC}") = "QuadrationEquation", "QuadrationEquation\QuadrationEquation.csproj", "{B2DE9149-A03E-4B2A-9A96-12CA248F0A35}"
EndProject
Project("{FAE04EC0-301F-11D3-BF4B-00C04F79EFBC}") = "StringInteraction", "StringInteraction\StringInteraction.csproj", "{A274B180-0E79-4F69-B574-3B1C9885D3DC}"
EndProject
Project("{FAE04EC0-301F-11D3-BF4B-00C04F79EFBC}") = "SimpleMath", "SimpleMath\SimpleMath.csproj", "{B2F23746-CA59-47C9-90E6-9B7116CAC3CD}"
EndProject
Project("{FAE04EC0-301F-11D3-BF4B-00C04F79EFBC}") = "RefandOutSample", "RefandOutSample\RefandOutSample.csproj", "{3C5CC41F-6CCA-41CF-84D9-15B34EDBAB02}"
EndProject
Project("{FAE04EC0-301F-11D3-BF4B-00C04F79EFBC}") = "TryParseSample", "TryParseSample\TryParseSample.csproj", "{C53288EC-C65D-4D98-8E7E-36FE35427898}"
EndProject
Project("{FAE04EC0-301F-11D3-BF4B-00C04F79EFBC}") = "ParamSample", "ParamSample\ParamSample.csproj", "{BF648D88-18B4-4655-8C3C-6D19D9C71710}"
EndProject
Project("{FAE04EC0-301F-11D3-BF4B-00C04F79EFBC}") = "TupleSample", "TupleSample\TupleSample.csproj", "{2D94B3B9-CE50-4380-88FA-200405B1F4B4}"
EndProject
Project("{FAE04EC0-301F-11D3-BF4B-00C04F79EFBC}") = "NestedLoop_Sort", "NestedLoop_Sort\NestedLoop_Sort.csproj", "{619B5FF8-4979-4C09-A387-15518C5B7A74}"
EndProject
Project("{FAE04EC0-301F-11D3-BF4B-00C04F79EFBC}") = "NestedLoop_Shape", "NestedLoop_Shape\NestedLoop_Shape.csproj", "{D7C78DD5-1645-402A-B82E-DCD9D97EF71F}"
EndProject
Project("{FAE04EC0-301F-11D3-BF4B-00C04F79EFBC}") = "OOP1", "OOP1\OOP1.csproj", "{0067888F-E3DC-464F-A118-9C90B566E396}"
EndProject
Project("{FAE04EC0-301F-11D3-BF4B-00C04F79EFBC}") = "OOP2", "OOP2\OOP2.csproj", "{349138D2-A157-4F27-8A39-57568968FC3F}"
EndProject
Global
	GlobalSection(SolutionConfigurationPlatforms) = preSolution
		Debug|Any CPU = Debug|Any CPU
		Release|Any CPU = Release|Any CPU
	EndGlobalSection
	GlobalSection(ProjectConfigurationPlatforms) = postSolution
		{BC2EF4CB-781B-4523-BB6B-F4648B49B084}.Debug|Any CPU.ActiveCfg = Debug|Any CPU
		{BC2EF4CB-781B-4523-BB6B-F4648B49B084}.Debug|Any CPU.Build.0 = Debug|Any CPU
		{BC2EF4CB-781B-4523-BB6B-F4648B49B084}.Release|Any CPU.ActiveCfg = Release|Any CPU
		{BC2EF4CB-781B-4523-BB6B-F4648B49B084}.Release|Any CPU.Build.0 = Release|Any CPU
		{9FFA5FD8-922F-4ACF-A785-A1AD94CBD445}.Debug|Any CPU.ActiveCfg = Debug|Any CPU
		{9FFA5FD8-922F-4ACF-A785-A1AD94CBD445}.Debug|Any CPU.Build.0 = Debug|Any CPU
		{9FFA5FD8-922F-4ACF-A785-A1AD94CBD445}.Release|Any CPU.ActiveCfg = Release|Any CPU
		{9FFA5FD8-922F-4ACF-A785-A1AD94CBD445}.Release|Any CPU.Build.0 = Release|Any CPU
		{560008FD-E0D5-463D-BE3B-3579C677A2A0}.Debug|Any CPU.ActiveCfg = Debug|Any CPU
		{560008FD-E0D5-463D-BE3B-3579C677A2A0}.Debug|Any CPU.Build.0 = Debug|Any CPU
		{560008FD-E0D5-463D-BE3B-3579C677A2A0}.Release|Any CPU.ActiveCfg = Release|Any CPU
		{560008FD-E0D5-463D-BE3B-3579C677A2A0}.Release|Any CPU.Build.0 = Release|Any CPU
		{B2DE9149-A03E-4B2A-9A96-12CA248F0A35}.Debug|Any CPU.ActiveCfg = Debug|Any CPU
		{B2DE9149-A03E-4B2A-9A96-12CA248F0A35}.Debug|Any CPU.Build.0 = Debug|Any CPU
		{B2DE9149-A03E-4B2A-9A96-12CA248F0A35}.Release|Any CPU.ActiveCfg = Release|Any CPU
		{B2DE9149-A03E-4B2A-9A96-12CA248F0A35}.Release|Any CPU.Build.0 = Release|Any CPU
		{A274B180-0E79-4F69-B574-3B1C9885D3DC}.Debug|Any CPU.ActiveCfg = Debug|Any CPU
		{A274B180-0E79-4F69-B574-3B1C9885D3DC}.Debug|Any CPU.Build.0 = Debug|Any CPU
		{A274B180-0E79-4F69-B574-3B1C9885D3DC}.Release|Any CPU.ActiveCfg = Release|Any CPU
		{A274B180-0E79-4F69-B574-3B1C9885D3DC}.Release|Any CPU.Build.0 = Release|Any CPU
		{B2F23746-CA59-47C9-90E6-9B7116CAC3CD}.Debug|Any CPU.ActiveCfg = Debug|Any CPU
		{B2F23746-CA59-47C9-90E6-9B7116CAC3CD}.Debug|Any CPU.Build.0 = Debug|Any CPU
		{B2F23746-CA59-47C9-90E6-9B7116CAC3CD}.Release|Any CPU.ActiveCfg = Release|Any CPU
		{B2F23746-CA59-47C9-90E6-9B7116CAC3CD}.Release|Any CPU.Build.0 = Release|Any CPU
		{3C5CC41F-6CCA-41CF-84D9-15B34EDBAB02}.Debug|Any CPU.ActiveCfg = Debug|Any CPU
		{3C5CC41F-6CCA-41CF-84D9-15B34EDBAB02}.Debug|Any CPU.Build.0 = Debug|Any CPU
		{3C5CC41F-6CCA-41CF-84D9-15B34EDBAB02}.Release|Any CPU.ActiveCfg = Release|Any CPU
		{3C5CC41F-6CCA-41CF-84D9-15B34EDBAB02}.Release|Any CPU.Build.0 = Release|Any CPU
		{C53288EC-C65D-4D98-8E7E-36FE35427898}.Debug|Any CPU.ActiveCfg = Debug|Any CPU
		{C53288EC-C65D-4D98-8E7E-36FE35427898}.Debug|Any CPU.Build.0 = Debug|Any CPU
		{C53288EC-C65D-4D98-8E7E-36FE35427898}.Release|Any CPU.ActiveCfg = Release|Any CPU
		{C53288EC-C65D-4D98-8E7E-36FE35427898}.Release|Any CPU.Build.0 = Release|Any CPU
		{BF648D88-18B4-4655-8C3C-6D19D9C71710}.Debug|Any CPU.ActiveCfg = Debug|Any CPU
		{BF648D88-18B4-4655-8C3C-6D19D9C71710}.Debug|Any CPU.Build.0 = Debug|Any CPU
		{BF648D88-18B4-4655-8C3C-6D19D9C71710}.Release|Any CPU.ActiveCfg = Release|Any CPU
		{BF648D88-18B4-4655-8C3C-6D19D9C71710}.Release|Any CPU.Build.0 = Release|Any CPU
		{2D94B3B9-CE50-4380-88FA-200405B1F4B4}.Debug|Any CPU.ActiveCfg = Debug|Any CPU
		{2D94B3B9-CE50-4380-88FA-200405B1F4B4}.Debug|Any CPU.Build.0 = Debug|Any CPU
		{2D94B3B9-CE50-4380-88FA-200405B1F4B4}.Release|Any CPU.ActiveCfg = Release|Any CPU
		{2D94B3B9-CE50-4380-88FA-200405B1F4B4}.Release|Any CPU.Build.0 = Release|Any CPU
		{619B5FF8-4979-4C09-A387-15518C5B7A74}.Debug|Any CPU.ActiveCfg = Debug|Any CPU
		{619B5FF8-4979-4C09-A387-15518C5B7A74}.Debug|Any CPU.Build.0 = Debug|Any CPU
		{619B5FF8-4979-4C09-A387-15518C5B7A74}.Release|Any CPU.ActiveCfg = Release|Any CPU
		{619B5FF8-4979-4C09-A387-15518C5B7A74}.Release|Any CPU.Build.0 = Release|Any CPU
		{D7C78DD5-1645-402A-B82E-DCD9D97EF71F}.Debug|Any CPU.ActiveCfg = Debug|Any CPU
		{D7C78DD5-1645-402A-B82E-DCD9D97EF71F}.Debug|Any CPU.Build.0 = Debug|Any CPU
		{D7C78DD5-1645-402A-B82E-DCD9D97EF71F}.Release|Any CPU.ActiveCfg = Release|Any CPU
		{D7C78DD5-1645-402A-B82E-DCD9D97EF71F}.Release|Any CPU.Build.0 = Release|Any CPU
		{0067888F-E3DC-464F-A118-9C90B566E396}.Debug|Any CPU.ActiveCfg = Debug|Any CPU
		{0067888F-E3DC-464F-A118-9C90B566E396}.Debug|Any CPU.Build.0 = Debug|Any CPU
		{0067888F-E3DC-464F-A118-9C90B566E396}.Release|Any CPU.ActiveCfg = Release|Any CPU
		{0067888F-E3DC-464F-A118-9C90B566E396}.Release|Any CPU.Build.0 = Release|Any CPU
		{349138D2-A157-4F27-8A39-57568968FC3F}.Debug|Any CPU.ActiveCfg = Debug|Any CPU
		{349138D2-A157-4F27-8A39-57568968FC3F}.Debug|Any CPU.Build.0 = Debug|Any CPU
		{349138D2-A157-4F27-8A39-57568968FC3F}.Release|Any CPU.ActiveCfg = Release|Any CPU
		{349138D2-A157-4F27-8A39-57568968FC3F}.Release|Any CPU.Build.0 = Release|Any CPU
	EndGlobalSection
	GlobalSection(SolutionProperties) = preSolution
		HideSolutionNode = FALSE
	EndGlobalSection
	GlobalSection(ExtensibilityGlobals) = postSolution
		SolutionGuid = {090F7B7C-663B-410B-8F29-02C80C466363}
	EndGlobalSection
EndGlobal
